
Microsoft Visual Studio Solution File, Format Version 12.00
# Visual Studio Version 16
VisualStudioVersion = 16.0.30804.86
MinimumVisualStudioVersion = 10.0.40219.1
Project("{FAE04EC0-301F-11D3-BF4B-00C04F79EFBC}") = "ConsoleApp4", "ConsoleApp4\ConsoleApp4.csproj", "{DD68F17A-B1E1-4111-83F2-15F9D84A2896}"
EndProject
Global
	GlobalSection(SolutionConfigurationPlatforms) = preSolution
		Debug|Any CPU = Debug|Any CPU
		Release|Any CPU = Release|Any CPU
	EndGlobalSection
	GlobalSection(ProjectConfigurationPlatforms) = postSolution
		{DD68F17A-B1E1-4111-83F2-15F9D84A2896}.Debug|Any CPU.ActiveCfg = Debug|Any CPU
		{DD68F17A-B1E1-4111-83F2-15F9D84A2896}.Debug|Any CPU.Build.0 = Debug|Any CPU
		{DD68F17A-B1E1-4111-83F2-15F9D84A2896}.Release|Any CPU.ActiveCfg = Release|Any CPU
		{DD68F17A-B1E1-4111-83F2-15F9D84A2896}.Release|Any CPU.Build.0 = Release|Any CPU
	EndGlobalSection
	GlobalSection(SolutionProperties) = preSolution
		HideSolutionNode = FALSE
	EndGlobalSection
	GlobalSection(ExtensibilityGlobals) = postSolution
		SolutionGuid = {44408DD6-0A52-4311-9681-B5E9897A8113}
	EndGlobalSection
EndGlobal
